Microsoft Visual Studio Solution File, Format Version 12.00
# Visual Studio Version 17
VisualStudioVersion = 17.5.2.0
MinimumVisualStudioVersion = 10.0.40219.1
Project("{FAE04EC0-301F-11D3-BF4B-00C04F79EFBC}") = "LachoneteApi", "LachoneteApi.csproj", "{57F8D4E8-B125-DD43-F491-D801FD59BE1D}"
EndProject
Global
	GlobalSection(SolutionConfigurationPlatforms) = preSolution
		Debug|Any CPU = Debug|Any CPU
		Release|Any CPU = Release|Any CPU
	EndGlobalSection
	GlobalSection(ProjectConfigurationPlatforms) = postSolution
		{57F8D4E8-B125-DD43-F491-D801FD59BE1D}.Debug|Any CPU.ActiveCfg = Debug|Any CPU
		{57F8D4E8-B125-DD43-F491-D801FD59BE1D}.Debug|Any CPU.Build.0 = Debug|Any CPU
		{57F8D4E8-B125-DD43-F491-D801FD59BE1D}.Release|Any CPU.ActiveCfg = Release|Any CPU
		{57F8D4E8-B125-DD43-F491-D801FD59BE1D}.Release|Any CPU.Build.0 = Release|Any CPU
	EndGlobalSection
	GlobalSection(SolutionProperties) = preSolution
		HideSolutionNode = FALSE
	EndGlobalSection
	GlobalSection(ExtensibilityGlobals) = postSolution
		SolutionGuid = {84387674-1741-4919-914F-DAD5F910FE23}
	EndGlobalSection
EndGlobal
